// !$*UTF8*$!
{
	archiveVersion = 1;
	classes = {
	};
	objectVersion = 56;
	objects = {

/* Begin PBXBuildFile section */
		1C6F3CC72AE17E68000899FD /* Categories.swift in Sources */ = {isa = PBXBuildFile; fileRef = 1C6F3CC62AE17E68000899FD /* Categories.swift */; };
		1C6F3CC92AE2444E000899FD /* RatingView.swift in Sources */ = {isa = PBXBuildFile; fileRef = 1C6F3CC82AE2444E000899FD /* RatingView.swift */; };
		1C6F3CCC2AE2475B000899FD /* SearchGridView.swift in Sources */ = {isa = PBXBuildFile; fileRef = 1C6F3CCB2AE2475B000899FD /* SearchGridView.swift */; };
		1C6F3CCF2AE247D3000899FD /* SearchRecipeViewModel.swift in Sources */ = {isa = PBXBuildFile; fileRef = 1C6F3CCE2AE247D3000899FD /* SearchRecipeViewModel.swift */; };
		1C6F3CD12AE24AD3000899FD /* SearchRecipeCardView.swift in Sources */ = {isa = PBXBuildFile; fileRef = 1C6F3CD02AE24AD3000899FD /* SearchRecipeCardView.swift */; };
		1C8734E82AB73522009B0C42 /* FoodRecipiesApp.swift in Sources */ = {isa = PBXBuildFile; fileRef = 1C8734E72AB73522009B0C42 /* FoodRecipiesApp.swift */; };
		1C8734EA2AB73522009B0C42 /* ContentView.swift in Sources */ = {isa = PBXBuildFile; fileRef = 1C8734E92AB73522009B0C42 /* ContentView.swift */; };
		1C8734EC2AB73524009B0C42 /* Assets.xcassets in Resources */ = {isa = PBXBuildFile; fileRef = 1C8734EB2AB73524009B0C42 /* Assets.xcassets */; };
		1C8734EF2AB73524009B0C42 /* Preview Assets.xcassets in Resources */ = {isa = PBXBuildFile; fileRef = 1C8734EE2AB73524009B0C42 /* Preview Assets.xcassets */; };
		1C87350A2AB735EA009B0C42 /* Poppins-Black.ttf in Resources */ = {isa = PBXBuildFile; fileRef = 1C8735022AB735EA009B0C42 /* Poppins-Black.ttf */; };
		1C87350B2AB735EA009B0C42 /* Poppins-Light.ttf in Resources */ = {isa = PBXBuildFile; fileRef = 1C8735032AB735EA009B0C42 /* Poppins-Light.ttf */; };
		1C87350C2AB735EA009B0C42 /* Poppins-Thin.ttf in Resources */ = {isa = PBXBuildFile; fileRef = 1C8735042AB735EA009B0C42 /* Poppins-Thin.ttf */; };
		1C87350D2AB735EA009B0C42 /* Poppins-Medium.ttf in Resources */ = {isa = PBXBuildFile; fileRef = 1C8735052AB735EA009B0C42 /* Poppins-Medium.ttf */; };
		1C87350E2AB735EA009B0C42 /* Poppins-Bold.ttf in Resources */ = {isa = PBXBuildFile; fileRef = 1C8735062AB735EA009B0C42 /* Poppins-Bold.ttf */; };
		1C87350F2AB735EA009B0C42 /* Poppins-Italic.ttf in Resources */ = {isa = PBXBuildFile; fileRef = 1C8735072AB735EA009B0C42 /* Poppins-Italic.ttf */; };
		1C8735102AB735EA009B0C42 /* Poppins-Regular.ttf in Resources */ = {isa = PBXBuildFile; fileRef = 1C8735082AB735EA009B0C42 /* Poppins-Regular.ttf */; };
		1C8735112AB735EA009B0C42 /* Poppins-SemiBold.ttf in Resources */ = {isa = PBXBuildFile; fileRef = 1C8735092AB735EA009B0C42 /* Poppins-SemiBold.ttf */; };
		1C8735162AB736F4009B0C42 /* SplashView.swift in Sources */ = {isa = PBXBuildFile; fileRef = 1C8735152AB736F4009B0C42 /* SplashView.swift */; };
		1C87351A2AB73AFD009B0C42 /* Font+Extension.swift in Sources */ = {isa = PBXBuildFile; fileRef = 1C8735192AB73AFD009B0C42 /* Font+Extension.swift */; };
		1C87351C2AB73F51009B0C42 /* Color+Extension.swift in Sources */ = {isa = PBXBuildFile; fileRef = 1C87351B2AB73F51009B0C42 /* Color+Extension.swift */; };
		1C87351E2AB7439F009B0C42 /* SignInView.swift in Sources */ = {isa = PBXBuildFile; fileRef = 1C87351D2AB7439F009B0C42 /* SignInView.swift */; };
		1C8735232AB74505009B0C42 /* TextFieldComponent.swift in Sources */ = {isa = PBXBuildFile; fileRef = 1C8735222AB74505009B0C42 /* TextFieldComponent.swift */; };
		1C8735262AB7452C009B0C42 /* TextFieldModifier.swift in Sources */ = {isa = PBXBuildFile; fileRef = 1C8735252AB7452C009B0C42 /* TextFieldModifier.swift */; };
		1C87352A2AB745F3009B0C42 /* UserTextFieldsView.swift in Sources */ = {isa = PBXBuildFile; fileRef = 1C8735292AB745F3009B0C42 /* UserTextFieldsView.swift */; };
		1C87352C2AB83A58009B0C42 /* Constant.swift in Sources */ = {isa = PBXBuildFile; fileRef = 1C87352B2AB83A58009B0C42 /* Constant.swift */; };
		1C89E8822AE4514A005D8782 /* TimeFilterView.swift in Sources */ = {isa = PBXBuildFile; fileRef = 1C89E8812AE4514A005D8782 /* TimeFilterView.swift */; };
		1C89E8842AE45161005D8782 /* RateFilterView.swift in Sources */ = {isa = PBXBuildFile; fileRef = 1C89E8832AE45160005D8782 /* RateFilterView.swift */; };
		1C89E8862AE4516A005D8782 /* CategoryFilterView.swift in Sources */ = {isa = PBXBuildFile; fileRef = 1C89E8852AE4516A005D8782 /* CategoryFilterView.swift */; };
		1CA753332AE25C92007D2B99 /* FilterButtonView.swift in Sources */ = {isa = PBXBuildFile; fileRef = 1CA753322AE25C92007D2B99 /* FilterButtonView.swift */; };
		1CA753372AE2623E007D2B99 /* FilterView.swift in Sources */ = {isa = PBXBuildFile; fileRef = 1CA753362AE2623E007D2B99 /* FilterView.swift */; };
		1CA753392AE262E2007D2B99 /* CustomCornerRadiusModifier.swift in Sources */ = {isa = PBXBuildFile; fileRef = 1CA753382AE262E2007D2B99 /* CustomCornerRadiusModifier.swift */; };
		1CA7533B2AE26328007D2B99 /* View+Extension.swift in Sources */ = {isa = PBXBuildFile; fileRef = 1CA7533A2AE26328007D2B99 /* View+Extension.swift */; };
		1CA7533D2AE44D84007D2B99 /* FilterStructs.swift in Sources */ = {isa = PBXBuildFile; fileRef = 1CA7533C2AE44D84007D2B99 /* FilterStructs.swift */; };
		1CC8D13B2AD674330061BBFE /* CategoryView.swift in Sources */ = {isa = PBXBuildFile; fileRef = 1CC8D13A2AD674330061BBFE /* CategoryView.swift */; };
		1CC8D1402AD674F40061BBFE /* CategoryViewModel.swift in Sources */ = {isa = PBXBuildFile; fileRef = 1CC8D13F2AD674F40061BBFE /* CategoryViewModel.swift */; };
		1CC8D1432AD67C480061BBFE /* SavedRecipeView.swift in Sources */ = {isa = PBXBuildFile; fileRef = 1CC8D1422AD67C480061BBFE /* SavedRecipeView.swift */; };
		1CC8D1492ADD4FDF0061BBFE /* RecipeViewModel.swift in Sources */ = {isa = PBXBuildFile; fileRef = 1CC8D1482ADD4FDF0061BBFE /* RecipeViewModel.swift */; };
		1CC8D14E2ADD54560061BBFE /* RecipeView.swift in Sources */ = {isa = PBXBuildFile; fileRef = 1CC8D14D2ADD54560061BBFE /* RecipeView.swift */; };
		1CC8D1502ADD54CA0061BBFE /* RecipeCardView.swift in Sources */ = {isa = PBXBuildFile; fileRef = 1CC8D14F2ADD54CA0061BBFE /* RecipeCardView.swift */; };
		1CC8D1532ADE59DE0061BBFE /* UserRecipeCardView.swift in Sources */ = {isa = PBXBuildFile; fileRef = 1CC8D1522ADE59DE0061BBFE /* UserRecipeCardView.swift */; };
		1CC8D1562ADE5C560061BBFE /* User.swift in Sources */ = {isa = PBXBuildFile; fileRef = 1CC8D1552ADE5C560061BBFE /* User.swift */; };
		1CC8D1582ADE5C6A0061BBFE /* Recipes.swift in Sources */ = {isa = PBXBuildFile; fileRef = 1CC8D1572ADE5C6A0061BBFE /* Recipes.swift */; };
		1CC8D15A2ADE5C940061BBFE /* Ratings.swift in Sources */ = {isa = PBXBuildFile; fileRef = 1CC8D1592ADE5C940061BBFE /* Ratings.swift */; };
		1CC8D15C2ADE6BAB0061BBFE /* StarsView.swift in Sources */ = {isa = PBXBuildFile; fileRef = 1CC8D15B2ADE6BAB0061BBFE /* StarsView.swift */; };
		1CC8D15F2ADED4E90061BBFE /* Float+Extension.swift in Sources */ = {isa = PBXBuildFile; fileRef = 1CC8D15E2ADED4E90061BBFE /* Float+Extension.swift */; };
		1CC8D1612ADED64F0061BBFE /* String+Extension.swift in Sources */ = {isa = PBXBuildFile; fileRef = 1CC8D1602ADED64F0061BBFE /* String+Extension.swift */; };
		1CDBCF882AE6CCC40059C5D3 /* CategoryGridView.swift in Sources */ = {isa = PBXBuildFile; fileRef = 1CDBCF872AE6CCC40059C5D3 /* CategoryGridView.swift */; };
		1CEA954F2AB8661D00A5390D /* SignUpView.swift in Sources */ = {isa = PBXBuildFile; fileRef = 1CEA954E2AB8661D00A5390D /* SignUpView.swift */; };
		1CEA95522AB866A500A5390D /* HomeView.swift in Sources */ = {isa = PBXBuildFile; fileRef = 1CEA95512AB866A500A5390D /* HomeView.swift */; };
		1CEA95552AB866B100A5390D /* SearchView.swift in Sources */ = {isa = PBXBuildFile; fileRef = 1CEA95542AB866B100A5390D /* SearchView.swift */; };
		1CEA95582AB866BB00A5390D /* NotificationView.swift in Sources */ = {isa = PBXBuildFile; fileRef = 1CEA95572AB866BB00A5390D /* NotificationView.swift */; };
		1CEA955B2AB866C500A5390D /* ProfileView.swift in Sources */ = {isa = PBXBuildFile; fileRef = 1CEA955A2AB866C500A5390D /* ProfileView.swift */; };
		1CEA955E2AB866E400A5390D /* MainTabView.swift in Sources */ = {isa = PBXBuildFile; fileRef = 1CEA955D2AB866E400A5390D /* MainTabView.swift */; };
		1CEA95662AB9831600A5390D /* Structs.swift in Sources */ = {isa = PBXBuildFile; fileRef = 1CEA95652AB9831600A5390D /* Structs.swift */; };
/* End PBXBuildFile section */

/* Begin PBXFileReference section */
		1C6F3CC62AE17E68000899FD /* Categories.swift */ = {isa = PBXFileReference; lastKnownFileType = sourcecode.swift; path = Categories.swift; sourceTree = "<group>"; };
		1C6F3CC82AE2444E000899FD /* RatingView.swift */ = {isa = PBXFileReference; lastKnownFileType = sourcecode.swift; path = RatingView.swift; sourceTree = "<group>"; };
		1C6F3CCB2AE2475B000899FD /* SearchGridView.swift */ = {isa = PBXFileReference; lastKnownFileType = sourcecode.swift; path = SearchGridView.swift; sourceTree = "<group>"; };
		1C6F3CCE2AE247D3000899FD /* SearchRecipeViewModel.swift */ = {isa = PBXFileReference; lastKnownFileType = sourcecode.swift; path = SearchRecipeViewModel.swift; sourceTree = "<group>"; };
		1C6F3CD02AE24AD3000899FD /* SearchRecipeCardView.swift */ = {isa = PBXFileReference; lastKnownFileType = sourcecode.swift; path = SearchRecipeCardView.swift; sourceTree = "<group>"; };
		1C8734E42AB73522009B0C42 /* FoodRecipies.app */ = {isa = PBXFileReference; explicitFileType = wrapper.application; includeInIndex = 0; path = FoodRecipies.app; sourceTree = BUILT_PRODUCTS_DIR; };
		1C8734E72AB73522009B0C42 /* FoodRecipiesApp.swift */ = {isa = PBXFileReference; lastKnownFileType = sourcecode.swift; path = FoodRecipiesApp.swift; sourceTree = "<group>"; };
		1C8734E92AB73522009B0C42 /* ContentView.swift */ = {isa = PBXFileReference; lastKnownFileType = sourcecode.swift; path = ContentView.swift; sourceTree = "<group>"; };
		1C8734EB2AB73524009B0C42 /* Assets.xcassets */ = {isa = PBXFileReference; lastKnownFileType = folder.assetcatalog; path = Assets.xcassets; sourceTree = "<group>"; };
		1C8734EE2AB73524009B0C42 /* Preview Assets.xcassets */ = {isa = PBXFileReference; lastKnownFileType = folder.assetcatalog; path = "Preview Assets.xcassets"; sourceTree = "<group>"; };
		1C8735022AB735EA009B0C42 /* Poppins-Black.ttf */ = {isa = PBXFileReference; lastKnownFileType = file; path = "Poppins-Black.ttf"; sourceTree = "<group>"; };
		1C8735032AB735EA009B0C42 /* Poppins-Light.ttf */ = {isa = PBXFileReference; lastKnownFileType = file; path = "Poppins-Light.ttf"; sourceTree = "<group>"; };
		1C8735042AB735EA009B0C42 /* Poppins-Thin.ttf */ = {isa = PBXFileReference; lastKnownFileType = file; path = "Poppins-Thin.ttf"; sourceTree = "<group>"; };
		1C8735052AB735EA009B0C42 /* Poppins-Medium.ttf */ = {isa = PBXFileReference; lastKnownFileType = file; path = "Poppins-Medium.ttf"; sourceTree = "<group>"; };
		1C8735062AB735EA009B0C42 /* Poppins-Bold.ttf */ = {isa = PBXFileReference; lastKnownFileType = file; path = "Poppins-Bold.ttf"; sourceTree = "<group>"; };
		1C8735072AB735EA009B0C42 /* Poppins-Italic.ttf */ = {isa = PBXFileReference; lastKnownFileType = file; path = "Poppins-Italic.ttf"; sourceTree = "<group>"; };
		1C8735082AB735EA009B0C42 /* Poppins-Regular.ttf */ = {isa = PBXFileReference; lastKnownFileType = file; path = "Poppins-Regular.ttf"; sourceTree = "<group>"; };
		1C8735092AB735EA009B0C42 /* Poppins-SemiBold.ttf */ = {isa = PBXFileReference; lastKnownFileType = file; path = "Poppins-SemiBold.ttf"; sourceTree = "<group>"; };
		1C8735152AB736F4009B0C42 /* SplashView.swift */ = {isa = PBXFileReference; lastKnownFileType = sourcecode.swift; path = SplashView.swift; sourceTree = "<group>"; };
		1C8735172AB738FA009B0C42 /* Info.plist */ = {isa = PBXFileReference; lastKnownFileType = text.plist; path = Info.plist; sourceTree = "<group>"; };
		1C8735192AB73AFD009B0C42 /* Font+Extension.swift */ = {isa = PBXFileReference; lastKnownFileType = sourcecode.swift; path = "Font+Extension.swift"; sourceTree = "<group>"; };
		1C87351B2AB73F51009B0C42 /* Color+Extension.swift */ = {isa = PBXFileReference; lastKnownFileType = sourcecode.swift; path = "Color+Extension.swift"; sourceTree = "<group>"; };
		1C87351D2AB7439F009B0C42 /* SignInView.swift */ = {isa = PBXFileReference; lastKnownFileType = sourcecode.swift; path = SignInView.swift; sourceTree = "<group>"; };
		1C8735222AB74505009B0C42 /* TextFieldComponent.swift */ = {isa = PBXFileReference; lastKnownFileType = sourcecode.swift; path = TextFieldComponent.swift; sourceTree = "<group>"; };
		1C8735252AB7452C009B0C42 /* TextFieldModifier.swift */ = {isa = PBXFileReference; lastKnownFileType = sourcecode.swift; path = TextFieldModifier.swift; sourceTree = "<group>"; };
		1C8735292AB745F3009B0C42 /* UserTextFieldsView.swift */ = {isa = PBXFileReference; lastKnownFileType = sourcecode.swift; path = UserTextFieldsView.swift; sourceTree = "<group>"; };
		1C87352B2AB83A58009B0C42 /* Constant.swift */ = {isa = PBXFileReference; lastKnownFileType = sourcecode.swift; path = Constant.swift; sourceTree = "<group>"; };
		1C89E8812AE4514A005D8782 /* TimeFilterView.swift */ = {isa = PBXFileReference; lastKnownFileType = sourcecode.swift; path = TimeFilterView.swift; sourceTree = "<group>"; };
		1C89E8832AE45160005D8782 /* RateFilterView.swift */ = {isa = PBXFileReference; lastKnownFileType = sourcecode.swift; path = RateFilterView.swift; sourceTree = "<group>"; };
		1C89E8852AE4516A005D8782 /* CategoryFilterView.swift */ = {isa = PBXFileReference; lastKnownFileType = sourcecode.swift; path = CategoryFilterView.swift; sourceTree = "<group>"; };
		1CA753322AE25C92007D2B99 /* FilterButtonView.swift */ = {isa = PBXFileReference; lastKnownFileType = sourcecode.swift; path = FilterButtonView.swift; sourceTree = "<group>"; };
		1CA753362AE2623E007D2B99 /* FilterView.swift */ = {isa = PBXFileReference; lastKnownFileType = sourcecode.swift; path = FilterView.swift; sourceTree = "<group>"; };
		1CA753382AE262E2007D2B99 /* CustomCornerRadiusModifier.swift */ = {isa = PBXFileReference; lastKnownFileType = sourcecode.swift; path = CustomCornerRadiusModifier.swift; sourceTree = "<group>"; };
		1CA7533A2AE26328007D2B99 /* View+Extension.swift */ = {isa = PBXFileReference; lastKnownFileType = sourcecode.swift; path = "View+Extension.swift"; sourceTree = "<group>"; };
		1CA7533C2AE44D84007D2B99 /* FilterStructs.swift */ = {isa = PBXFileReference; lastKnownFileType = sourcecode.swift; path = FilterStructs.swift; sourceTree = "<group>"; };
		1CC8D13A2AD674330061BBFE /* CategoryView.swift */ = {isa = PBXFileReference; lastKnownFileType = sourcecode.swift; path = CategoryView.swift; sourceTree = "<group>"; };
		1CC8D13F2AD674F40061BBFE /* CategoryViewModel.swift */ = {isa = PBXFileReference; lastKnownFileType = sourcecode.swift; path = CategoryViewModel.swift; sourceTree = "<group>"; };
		1CC8D1422AD67C480061BBFE /* SavedRecipeView.swift */ = {isa = PBXFileReference; lastKnownFileType = sourcecode.swift; path = SavedRecipeView.swift; sourceTree = "<group>"; };
		1CC8D1482ADD4FDF0061BBFE /* RecipeViewModel.swift */ = {isa = PBXFileReference; lastKnownFileType = sourcecode.swift; path = RecipeViewModel.swift; sourceTree = "<group>"; };
		1CC8D14D2ADD54560061BBFE /* RecipeView.swift */ = {isa = PBXFileReference; lastKnownFileType = sourcecode.swift; path = RecipeView.swift; sourceTree = "<group>"; };
		1CC8D14F2ADD54CA0061BBFE /* RecipeCardView.swift */ = {isa = PBXFileReference; lastKnownFileType = sourcecode.swift; path = RecipeCardView.swift; sourceTree = "<group>"; };
		1CC8D1522ADE59DE0061BBFE /* UserRecipeCardView.swift */ = {isa = PBXFileReference; lastKnownFileType = sourcecode.swift; path = UserRecipeCardView.swift; sourceTree = "<group>"; };
		1CC8D1552ADE5C560061BBFE /* User.swift */ = {isa = PBXFileReference; lastKnownFileType = sourcecode.swift; path = User.swift; sourceTree = "<group>"; };
		1CC8D1572ADE5C6A0061BBFE /* Recipes.swift */ = {isa = PBXFileReference; lastKnownFileType = sourcecode.swift; path = Recipes.swift; sourceTree = "<group>"; };
		1CC8D1592ADE5C940061BBFE /* Ratings.swift */ = {isa = PBXFileReference; lastKnownFileType = sourcecode.swift; path = Ratings.swift; sourceTree = "<group>"; };
		1CC8D15B2ADE6BAB0061BBFE /* StarsView.swift */ = {isa = PBXFileReference; lastKnownFileType = sourcecode.swift; path = StarsView.swift; sourceTree = "<group>"; };
		1CC8D15E2ADED4E90061BBFE /* Float+Extension.swift */ = {isa = PBXFileReference; lastKnownFileType = sourcecode.swift; path = "Float+Extension.swift"; sourceTree = "<group>"; };
		1CC8D1602ADED64F0061BBFE /* String+Extension.swift */ = {isa = PBXFileReference; lastKnownFileType = sourcecode.swift; path = "String+Extension.swift"; sourceTree = "<group>"; };
		1CDBCF872AE6CCC40059C5D3 /* CategoryGridView.swift */ = {isa = PBXFileReference; lastKnownFileType = sourcecode.swift; path = CategoryGridView.swift; sourceTree = "<group>"; };
		1CEA954E2AB8661D00A5390D /* SignUpView.swift */ = {isa = PBXFileReference; lastKnownFileType = sourcecode.swift; path = SignUpView.swift; sourceTree = "<group>"; };
		1CEA95512AB866A500A5390D /* HomeView.swift */ = {isa = PBXFileReference; lastKnownFileType = sourcecode.swift; path = HomeView.swift; sourceTree = "<group>"; };
		1CEA95542AB866B100A5390D /* SearchView.swift */ = {isa = PBXFileReference; lastKnownFileType = sourcecode.swift; path = SearchView.swift; sourceTree = "<group>"; };
		1CEA95572AB866BB00A5390D /* NotificationView.swift */ = {isa = PBXFileReference; lastKnownFileType = sourcecode.swift; path = NotificationView.swift; sourceTree = "<group>"; };
		1CEA955A2AB866C500A5390D /* ProfileView.swift */ = {isa = PBXFileReference; lastKnownFileType = sourcecode.swift; path = ProfileView.swift; sourceTree = "<group>"; };
		1CEA955D2AB866E400A5390D /* MainTabView.swift */ = {isa = PBXFileReference; lastKnownFileType = sourcecode.swift; path = MainTabView.swift; sourceTree = "<group>"; };
		1CEA95652AB9831600A5390D /* Structs.swift */ = {isa = PBXFileReference; lastKnownFileType = sourcecode.swift; path = Structs.swift; sourceTree = "<group>"; };
/* End PBXFileReference section */

/* Begin PBXFrameworksBuildPhase section */
		1C8734E12AB73522009B0C42 /* Frameworks */ = {
			isa = PBXFrameworksBuildPhase;
			buildActionMask = 2147483647;
			files = (
			);
			runOnlyForDeploymentPostprocessing = 0;
		};
/* End PBXFrameworksBuildPhase section */

/* Begin PBXGroup section */
		1C6F3CCA2AE2472C000899FD /* SearchRecipeGridView */ = {
			isa = PBXGroup;
			children = (
				1C6F3CCB2AE2475B000899FD /* SearchGridView.swift */,
				1C6F3CD02AE24AD3000899FD /* SearchRecipeCardView.swift */,
			);
			path = SearchRecipeGridView;
			sourceTree = "<group>";
		};
		1C6F3CCD2AE247BC000899FD /* SearchRecipeViewModel */ = {
			isa = PBXGroup;
			children = (
				1C6F3CCE2AE247D3000899FD /* SearchRecipeViewModel.swift */,
			);
			path = SearchRecipeViewModel;
			sourceTree = "<group>";
		};
		1C8734DB2AB73522009B0C42 = {
			isa = PBXGroup;
			children = (
				1C8734E62AB73522009B0C42 /* FoodRecipies */,
				1C8734E52AB73522009B0C42 /* Products */,
			);
			sourceTree = "<group>";
		};
		1C8734E52AB73522009B0C42 /* Products */ = {
			isa = PBXGroup;
			children = (
				1C8734E42AB73522009B0C42 /* FoodRecipies.app */,
			);
			name = Products;
			sourceTree = "<group>";
		};
		1C8734E62AB73522009B0C42 /* FoodRecipies */ = {
			isa = PBXGroup;
			children = (
				1CA753342AE26213007D2B99 /* Components */,
				1CC8D13C2AD674DF0061BBFE /* Model */,
				1C8734F52AB7352F009B0C42 /* App */,
				1C8735172AB738FA009B0C42 /* Info.plist */,
				1C8735272AB7458B009B0C42 /* Others */,
				1C8734F62AB73535009B0C42 /* Root */,
				1C8735142AB736E1009B0C42 /* Extensions */,
				1C8735002AB735BF009B0C42 /* Resources */,
				1C8734ED2AB73524009B0C42 /* Preview Content */,
			);
			path = FoodRecipies;
			sourceTree = "<group>";
		};
		1C8734ED2AB73524009B0C42 /* Preview Content */ = {
			isa = PBXGroup;
			children = (
				1C8734EE2AB73524009B0C42 /* Preview Assets.xcassets */,
			);
			path = "Preview Content";
			sourceTree = "<group>";
		};
		1C8734F52AB7352F009B0C42 /* App */ = {
			isa = PBXGroup;
			children = (
				1C8734E72AB73522009B0C42 /* FoodRecipiesApp.swift */,
			);
			path = App;
			sourceTree = "<group>";
		};
		1C8734F62AB73535009B0C42 /* Root */ = {
			isa = PBXGroup;
			children = (
				1CC8D1412AD67C390061BBFE /* SavedRecipe */,
				1C8734E92AB73522009B0C42 /* ContentView.swift */,
				1CEA955C2AB866DA00A5390D /* MainTab */,
				1C8734F82AB73542009B0C42 /* Authenticate */,
				1CEA95502AB866A000A5390D /* Home */,
				1CEA95562AB866B200A5390D /* Notification */,
				1CEA95592AB866C000A5390D /* Profile */,
				1CEA95532AB866A800A5390D /* Search */,
				1C8734F72AB7353E009B0C42 /* Splash */,
			);
			path = Root;
			sourceTree = "<group>";
		};
		1C8734F72AB7353E009B0C42 /* Splash */ = {
			isa = PBXGroup;
			children = (
				1C8735152AB736F4009B0C42 /* SplashView.swift */,
			);
			path = Splash;
			sourceTree = "<group>";
		};
		1C8734F82AB73542009B0C42 /* Authenticate */ = {
			isa = PBXGroup;
			children = (
				1CEA954D2AB8661500A5390D /* SIgnUp */,
				1C8734FE2AB735AD009B0C42 /* SignIn */,
			);
			path = Authenticate;
			sourceTree = "<group>";
		};
		1C8734FE2AB735AD009B0C42 /* SignIn */ = {
			isa = PBXGroup;
			children = (
				1C87351D2AB7439F009B0C42 /* SignInView.swift */,
			);
			path = SignIn;
			sourceTree = "<group>";
		};
		1C8735002AB735BF009B0C42 /* Resources */ = {
			isa = PBXGroup;
			children = (
				1C8735012AB735CA009B0C42 /* fonts */,
				1C8734EB2AB73524009B0C42 /* Assets.xcassets */,
			);
			path = Resources;
			sourceTree = "<group>";
		};
		1C8735012AB735CA009B0C42 /* fonts */ = {
			isa = PBXGroup;
			children = (
				1C8735022AB735EA009B0C42 /* Poppins-Black.ttf */,
				1C8735062AB735EA009B0C42 /* Poppins-Bold.ttf */,
				1C8735072AB735EA009B0C42 /* Poppins-Italic.ttf */,
				1C8735032AB735EA009B0C42 /* Poppins-Light.ttf */,
				1C8735052AB735EA009B0C42 /* Poppins-Medium.ttf */,
				1C8735082AB735EA009B0C42 /* Poppins-Regular.ttf */,
				1C8735092AB735EA009B0C42 /* Poppins-SemiBold.ttf */,
				1C8735042AB735EA009B0C42 /* Poppins-Thin.ttf */,
			);
			path = fonts;
			sourceTree = "<group>";
		};
		1C8735142AB736E1009B0C42 /* Extensions */ = {
			isa = PBXGroup;
			children = (
				1C8735192AB73AFD009B0C42 /* Font+Extension.swift */,
				1C87351B2AB73F51009B0C42 /* Color+Extension.swift */,
				1CA7533A2AE26328007D2B99 /* View+Extension.swift */,
			);
			path = Extensions;
			sourceTree = "<group>";
		};
		1C87351F2AB744F6009B0C42 /* Utility */ = {
			isa = PBXGroup;
			children = (
				1C8735242AB7451E009B0C42 /* Modifier */,
				1C8735202AB744FA009B0C42 /* Components */,
			);
			path = Utility;
			sourceTree = "<group>";
		};
		1C8735202AB744FA009B0C42 /* Components */ = {
			isa = PBXGroup;
			children = (
				1C8735212AB744FD009B0C42 /* TextFieldComponent */,
			);
			path = Components;
			sourceTree = "<group>";
		};
		1C8735212AB744FD009B0C42 /* TextFieldComponent */ = {
			isa = PBXGroup;
			children = (
				1C8735222AB74505009B0C42 /* TextFieldComponent.swift */,
			);
			path = TextFieldComponent;
			sourceTree = "<group>";
		};
		1C8735242AB7451E009B0C42 /* Modifier */ = {
			isa = PBXGroup;
			children = (
				1C8735252AB7452C009B0C42 /* TextFieldModifier.swift */,
				1CA753382AE262E2007D2B99 /* CustomCornerRadiusModifier.swift */,
			);
			path = Modifier;
			sourceTree = "<group>";
		};
		1C8735272AB7458B009B0C42 /* Others */ = {
			isa = PBXGroup;
			children = (
				1CC8D15D2ADED4D80061BBFE /* Extension */,
				1CEA95642AB9830F00A5390D /* Structs */,
				1C8735282AB745CC009B0C42 /* CommonViews */,
				1C87351F2AB744F6009B0C42 /* Utility */,
				1C87352B2AB83A58009B0C42 /* Constant.swift */,
			);
			path = Others;
			sourceTree = "<group>";
		};
		1C8735282AB745CC009B0C42 /* CommonViews */ = {
			isa = PBXGroup;
			children = (
				1C8735292AB745F3009B0C42 /* UserTextFieldsView.swift */,
				1C6F3CC82AE2444E000899FD /* RatingView.swift */,
			);
			path = CommonViews;
			sourceTree = "<group>";
		};
		1C89E87F2AE4511A005D8782 /* Filter */ = {
			isa = PBXGroup;
			children = (
				1C89E8802AE45138005D8782 /* SubFilterVIews */,
				1CA753362AE2623E007D2B99 /* FilterView.swift */,
			);
			path = Filter;
			sourceTree = "<group>";
		};
		1C89E8802AE45138005D8782 /* SubFilterVIews */ = {
			isa = PBXGroup;
			children = (
				1C89E8812AE4514A005D8782 /* TimeFilterView.swift */,
				1C89E8832AE45160005D8782 /* RateFilterView.swift */,
				1CDBCF862AE6CCB70059C5D3 /* Category */,
			);
			path = SubFilterVIews;
			sourceTree = "<group>";
		};
		1CA753342AE26213007D2B99 /* Components */ = {
			isa = PBXGroup;
			children = (
				1CA753352AE26221007D2B99 /* FilterbuttonComponent */,
			);
			path = Components;
			sourceTree = "<group>";
		};
		1CA753352AE26221007D2B99 /* FilterbuttonComponent */ = {
			isa = PBXGroup;
			children = (
				1CA753322AE25C92007D2B99 /* FilterButtonView.swift */,
			);
			path = FilterbuttonComponent;
			sourceTree = "<group>";
		};
		1CC8D1392AD674280061BBFE /* Category */ = {
			isa = PBXGroup;
			children = (
				1CC8D13A2AD674330061BBFE /* CategoryView.swift */,
			);
			path = Category;
			sourceTree = "<group>";
		};
		1CC8D13C2AD674DF0061BBFE /* Model */ = {
			isa = PBXGroup;
			children = (
				1CC8D1542ADE5C4E0061BBFE /* UserModels */,
				1CC8D13D2AD674E30061BBFE /* ViewModel */,
			);
			path = Model;
			sourceTree = "<group>";
		};
		1CC8D13D2AD674E30061BBFE /* ViewModel */ = {
			isa = PBXGroup;
			children = (
				1C6F3CCD2AE247BC000899FD /* SearchRecipeViewModel */,
				1CC8D1472ADD4FCB0061BBFE /* RecipeViewModel */,
				1CC8D13E2AD674E80061BBFE /* CategoryViewModel */,
			);
			path = ViewModel;
			sourceTree = "<group>";
		};
		1CC8D13E2AD674E80061BBFE /* CategoryViewModel */ = {
			isa = PBXGroup;
			children = (
				1CC8D13F2AD674F40061BBFE /* CategoryViewModel.swift */,
			);
			path = CategoryViewModel;
			sourceTree = "<group>";
		};
		1CC8D1412AD67C390061BBFE /* SavedRecipe */ = {
			isa = PBXGroup;
			children = (
				1CC8D1422AD67C480061BBFE /* SavedRecipeView.swift */,
			);
			path = SavedRecipe;
			sourceTree = "<group>";
		};
		1CC8D1472ADD4FCB0061BBFE /* RecipeViewModel */ = {
			isa = PBXGroup;
			children = (
				1CC8D1482ADD4FDF0061BBFE /* RecipeViewModel.swift */,
			);
			path = RecipeViewModel;
			sourceTree = "<group>";
		};
		1CC8D14C2ADD544B0061BBFE /* Recipe */ = {
			isa = PBXGroup;
			children = (
				1CC8D14D2ADD54560061BBFE /* RecipeView.swift */,
				1CC8D14F2ADD54CA0061BBFE /* RecipeCardView.swift */,
			);
			path = Recipe;
			sourceTree = "<group>";
		};
		1CC8D1512ADE597E0061BBFE /* UserRatings */ = {
			isa = PBXGroup;
			children = (
				1CC8D1522ADE59DE0061BBFE /* UserRecipeCardView.swift */,
				1CC8D15B2ADE6BAB0061BBFE /* StarsView.swift */,
			);
			path = UserRatings;
			sourceTree = "<group>";
		};
		1CC8D1542ADE5C4E0061BBFE /* UserModels */ = {
			isa = PBXGroup;
			children = (
				1CC8D1552ADE5C560061BBFE /* User.swift */,
				1CC8D1572ADE5C6A0061BBFE /* Recipes.swift */,
				1CC8D1592ADE5C940061BBFE /* Ratings.swift */,
				1C6F3CC62AE17E68000899FD /* Categories.swift */,
				1CA7533C2AE44D84007D2B99 /* FilterStructs.swift */,
			);
			path = UserModels;
			sourceTree = "<group>";
		};
		1CC8D15D2ADED4D80061BBFE /* Extension */ = {
			isa = PBXGroup;
			children = (
				1CC8D15E2ADED4E90061BBFE /* Float+Extension.swift */,
				1CC8D1602ADED64F0061BBFE /* String+Extension.swift */,
			);
			path = Extension;
			sourceTree = "<group>";
		};
		1CDBCF862AE6CCB70059C5D3 /* Category */ = {
			isa = PBXGroup;
			children = (
				1C89E8852AE4516A005D8782 /* CategoryFilterView.swift */,
				1CDBCF872AE6CCC40059C5D3 /* CategoryGridView.swift */,
			);
			path = Category;
			sourceTree = "<group>";
		};
		1CEA954D2AB8661500A5390D /* SIgnUp */ = {
			isa = PBXGroup;
			children = (
				1CEA954E2AB8661D00A5390D /* SignUpView.swift */,
			);
			path = SIgnUp;
			sourceTree = "<group>";
		};
		1CEA95502AB866A000A5390D /* Home */ = {
			isa = PBXGroup;
			children = (
				1CC8D1512ADE597E0061BBFE /* UserRatings */,
				1CC8D14C2ADD544B0061BBFE /* Recipe */,
				1CC8D1392AD674280061BBFE /* Category */,
				1CEA95512AB866A500A5390D /* HomeView.swift */,
			);
			path = Home;
			sourceTree = "<group>";
		};
		1CEA95532AB866A800A5390D /* Search */ = {
			isa = PBXGroup;
			children = (
				1C89E87F2AE4511A005D8782 /* Filter */,
				1C6F3CCA2AE2472C000899FD /* SearchRecipeGridView */,
				1CEA95542AB866B100A5390D /* SearchView.swift */,
			);
			path = Search;
			sourceTree = "<group>";
		};
		1CEA95562AB866B200A5390D /* Notification */ = {
			isa = PBXGroup;
			children = (
				1CEA95572AB866BB00A5390D /* NotificationView.swift */,
			);
			path = Notification;
			sourceTree = "<group>";
		};
		1CEA95592AB866C000A5390D /* Profile */ = {
			isa = PBXGroup;
			children = (
				1CEA955A2AB866C500A5390D /* ProfileView.swift */,
			);
			path = Profile;
			sourceTree = "<group>";
		};
		1CEA955C2AB866DA00A5390D /* MainTab */ = {
			isa = PBXGroup;
			children = (
				1CEA955D2AB866E400A5390D /* MainTabView.swift */,
			);
			path = MainTab;
			sourceTree = "<group>";
		};
		1CEA95642AB9830F00A5390D /* Structs */ = {
			isa = PBXGroup;
			children = (
				1CEA95652AB9831600A5390D /* Structs.swift */,
			);
			path = Structs;
			sourceTree = "<group>";
		};
/* End PBXGroup section */

/* Begin PBXNativeTarget section */
		1C8734E32AB73522009B0C42 /* FoodRecipies */ = {
			isa = PBXNativeTarget;
			buildConfigurationList = 1C8734F22AB73524009B0C42 /* Build configuration list for PBXNativeTarget "FoodRecipies" */;
			buildPhases = (
				1C8734E02AB73522009B0C42 /* Sources */,
				1C8734E12AB73522009B0C42 /* Frameworks */,
				1C8734E22AB73522009B0C42 /* Resources */,
			);
			buildRules = (
			);
			dependencies = (
			);
			name = FoodRecipies;
			productName = FoodRecipies;
			productReference = 1C8734E42AB73522009B0C42 /* FoodRecipies.app */;
			productType = "com.apple.product-type.application";
		};
/* End PBXNativeTarget section */

/* Begin PBXProject section */
		1C8734DC2AB73522009B0C42 /* Project object */ = {
			isa = PBXProject;
			attributes = {
				BuildIndependentTargetsInParallel = 1;
				LastSwiftUpdateCheck = 1430;
				LastUpgradeCheck = 1430;
				TargetAttributes = {
					1C8734E32AB73522009B0C42 = {
						CreatedOnToolsVersion = 14.3.1;
					};
				};
			};
			buildConfigurationList = 1C8734DF2AB73522009B0C42 /* Build configuration list for PBXProject "FoodRecipies" */;
			compatibilityVersion = "Xcode 14.0";
			developmentRegion = en;
			hasScannedForEncodings = 0;
			knownRegions = (
				en,
				Base,
			);
			mainGroup = 1C8734DB2AB73522009B0C42;
			productRefGroup = 1C8734E52AB73522009B0C42 /* Products */;
			projectDirPath = "";
			projectRoot = "";
			targets = (
				1C8734E32AB73522009B0C42 /* FoodRecipies */,
			);
		};
/* End PBXProject section */

/* Begin PBXResourcesBuildPhase section */
		1C8734E22AB73522009B0C42 /* Resources */ = {
			isa = PBXResourcesBuildPhase;
			buildActionMask = 2147483647;
			files = (
				1C87350A2AB735EA009B0C42 /* Poppins-Black.ttf in Resources */,
				1C8734EF2AB73524009B0C42 /* Preview Assets.xcassets in Resources */,
				1C87350F2AB735EA009B0C42 /* Poppins-Italic.ttf in Resources */,
				1C8735102AB735EA009B0C42 /* Poppins-Regular.ttf in Resources */,
				1C87350E2AB735EA009B0C42 /* Poppins-Bold.ttf in Resources */,
				1C8735112AB735EA009B0C42 /* Poppins-SemiBold.ttf in Resources */,
				1C8734EC2AB73524009B0C42 /* Assets.xcassets in Resources */,
				1C87350D2AB735EA009B0C42 /* Poppins-Medium.ttf in Resources */,
				1C87350B2AB735EA009B0C42 /* Poppins-Light.ttf in Resources */,
				1C87350C2AB735EA009B0C42 /* Poppins-Thin.ttf in Resources */,
			);
			runOnlyForDeploymentPostprocessing = 0;
		};
/* End PBXResourcesBuildPhase section */

/* Begin PBXSourcesBuildPhase section */
		1C8734E02AB73522009B0C42 /* Sources */ = {
			isa = PBXSourcesBuildPhase;
			buildActionMask = 2147483647;
			files = (
				1C87351E2AB7439F009B0C42 /* SignInView.swift in Sources */,
				1C8734EA2AB73522009B0C42 /* ContentView.swift in Sources */,
				1C6F3CD12AE24AD3000899FD /* SearchRecipeCardView.swift in Sources */,
				1C6F3CC92AE2444E000899FD /* RatingView.swift in Sources */,
				1CC8D15F2ADED4E90061BBFE /* Float+Extension.swift in Sources */,
				1CC8D1432AD67C480061BBFE /* SavedRecipeView.swift in Sources */,
				1CC8D1562ADE5C560061BBFE /* User.swift in Sources */,
				1CC8D1502ADD54CA0061BBFE /* RecipeCardView.swift in Sources */,
				1C8735262AB7452C009B0C42 /* TextFieldModifier.swift in Sources */,
				1CC8D15C2ADE6BAB0061BBFE /* StarsView.swift in Sources */,
				1C89E8862AE4516A005D8782 /* CategoryFilterView.swift in Sources */,
				1CA7533B2AE26328007D2B99 /* View+Extension.swift in Sources */,
				1CC8D14E2ADD54560061BBFE /* RecipeView.swift in Sources */,
				1CEA955E2AB866E400A5390D /* MainTabView.swift in Sources */,
				1CC8D1532ADE59DE0061BBFE /* UserRecipeCardView.swift in Sources */,
				1C6F3CCF2AE247D3000899FD /* SearchRecipeViewModel.swift in Sources */,
				1CDBCF882AE6CCC40059C5D3 /* CategoryGridView.swift in Sources */,
				1CC8D1582ADE5C6A0061BBFE /* Recipes.swift in Sources */,
				1C87351C2AB73F51009B0C42 /* Color+Extension.swift in Sources */,
				1C8734E82AB73522009B0C42 /* FoodRecipiesApp.swift in Sources */,
				1CEA954F2AB8661D00A5390D /* SignUpView.swift in Sources */,
				1CA753332AE25C92007D2B99 /* FilterButtonView.swift in Sources */,
				1C87352A2AB745F3009B0C42 /* UserTextFieldsView.swift in Sources */,
				1CA7533D2AE44D84007D2B99 /* FilterStructs.swift in Sources */,
				1CC8D13B2AD674330061BBFE /* CategoryView.swift in Sources */,
				1CEA955B2AB866C500A5390D /* ProfileView.swift in Sources */,
				1CC8D1402AD674F40061BBFE /* CategoryViewModel.swift in Sources */,
				1C6F3CC72AE17E68000899FD /* Categories.swift in Sources */,
				1C8735232AB74505009B0C42 /* TextFieldComponent.swift in Sources */,
				1CEA95552AB866B100A5390D /* SearchView.swift in Sources */,
				1CEA95662AB9831600A5390D /* Structs.swift in Sources */,
				1CEA95582AB866BB00A5390D /* NotificationView.swift in Sources */,
				1C87352C2AB83A58009B0C42 /* Constant.swift in Sources */,
				1CC8D1492ADD4FDF0061BBFE /* RecipeViewModel.swift in Sources */,
				1C89E8842AE45161005D8782 /* RateFilterView.swift in Sources */,
				1CEA95522AB866A500A5390D /* HomeView.swift in Sources */,
				1CC8D15A2ADE5C940061BBFE /* Ratings.swift in Sources */,
				1C87351A2AB73AFD009B0C42 /* Font+Extension.swift in Sources */,
				1CC8D1612ADED64F0061BBFE /* String+Extension.swift in Sources */,
				1C8735162AB736F4009B0C42 /* SplashView.swift in Sources */,
				1C6F3CCC2AE2475B000899FD /* SearchGridView.swift in Sources */,
				1C89E8822AE4514A005D8782 /* TimeFilterView.swift in Sources */,
				1CA753392AE262E2007D2B99 /* CustomCornerRadiusModifier.swift in Sources */,
				1CA753372AE2623E007D2B99 /* FilterView.swift in Sources */,
			);
			runOnlyForDeploymentPostprocessing = 0;
		};
/* End PBXSourcesBuildPhase section */

/* Begin XCBuildConfiguration section */
		1C8734F02AB73524009B0C42 /* Debug */ = {
			isa = XCBuildConfiguration;
			buildSettings = {
				ALWAYS_SEARCH_USER_PATHS = NO;
				CLANG_ANALYZER_NONNULL = YES;
				CLANG_ANALYZER_NUMBER_OBJECT_CONVERSION = YES_AGGRESSIVE;
				CLANG_CXX_LANGUAGE_STANDARD = "gnu++20";
				CLANG_ENABLE_MODULES = YES;
				CLANG_ENABLE_OBJC_ARC = YES;
				CLANG_ENABLE_OBJC_WEAK = YES;
				CLANG_WARN_BLOCK_CAPTURE_AUTORELEASING = YES;
				CLANG_WARN_BOOL_CONVERSION = YES;
				CLANG_WARN_COMMA = YES;
				CLANG_WARN_CONSTANT_CONVERSION = YES;
				CLANG_WARN_DEPRECATED_OBJC_IMPLEMENTATIONS = YES;
				CLANG_WARN_DIRECT_OBJC_ISA_USAGE = YES_ERROR;
				CLANG_WARN_DOCUMENTATION_COMMENTS = YES;
				CLANG_WARN_EMPTY_BODY = YES;
				CLANG_WARN_ENUM_CONVERSION = YES;
				CLANG_WARN_INFINITE_RECURSION = YES;
				CLANG_WARN_INT_CONVERSION = YES;
				CLANG_WARN_NON_LITERAL_NULL_CONVERSION = YES;
				CLANG_WARN_OBJC_IMPLICIT_RETAIN_SELF = YES;
				CLANG_WARN_OBJC_LITERAL_CONVERSION = YES;
				CLANG_WARN_OBJC_ROOT_CLASS = YES_ERROR;
				CLANG_WARN_QUOTED_INCLUDE_IN_FRAMEWORK_HEADER = YES;
				CLANG_WARN_RANGE_LOOP_ANALYSIS = YES;
				CLANG_WARN_STRICT_PROTOTYPES = YES;
				CLANG_WARN_SUSPICIOUS_MOVE = YES;
				CLANG_WARN_UNGUARDED_AVAILABILITY = YES_AGGRESSIVE;
				CLANG_WARN_UNREACHABLE_CODE = YES;
				CLANG_WARN__DUPLICATE_METHOD_MATCH = YES;
				COPY_PHASE_STRIP = NO;
				DEBUG_INFORMATION_FORMAT = dwarf;
				ENABLE_STRICT_OBJC_MSGSEND = YES;
				ENABLE_TESTABILITY = YES;
				GCC_C_LANGUAGE_STANDARD = gnu11;
				GCC_DYNAMIC_NO_PIC = NO;
				GCC_NO_COMMON_BLOCKS = YES;
				GCC_OPTIMIZATION_LEVEL = 0;
				GCC_PREPROCESSOR_DEFINITIONS = (
					"DEBUG=1",
					"$(inherited)",
				);
				GCC_WARN_64_TO_32_BIT_CONVERSION = YES;
				GCC_WARN_ABOUT_RETURN_TYPE = YES_ERROR;
				GCC_WARN_UNDECLARED_SELECTOR = YES;
				GCC_WARN_UNINITIALIZED_AUTOS = YES_AGGRESSIVE;
				GCC_WARN_UNUSED_FUNCTION = YES;
				GCC_WARN_UNUSED_VARIABLE = YES;
				IPHONEOS_DEPLOYMENT_TARGET = 16.4;
				MTL_ENABLE_DEBUG_INFO = INCLUDE_SOURCE;
				MTL_FAST_MATH = YES;
				ONLY_ACTIVE_ARCH = YES;
				SDKROOT = iphoneos;
				SWIFT_ACTIVE_COMPILATION_CONDITIONS = DEBUG;
				SWIFT_OPTIMIZATION_LEVEL = "-Onone";
			};
			name = Debug;
		};
		1C8734F12AB73524009B0C42 /* Release */ = {
			isa = XCBuildConfiguration;
			buildSettings = {
				ALWAYS_SEARCH_USER_PATHS = NO;
				CLANG_ANALYZER_NONNULL = YES;
				CLANG_ANALYZER_NUMBER_OBJECT_CONVERSION = YES_AGGRESSIVE;
				CLANG_CXX_LANGUAGE_STANDARD = "gnu++20";
				CLANG_ENABLE_MODULES = YES;
				CLANG_ENABLE_OBJC_ARC = YES;
				CLANG_ENABLE_OBJC_WEAK = YES;
				CLANG_WARN_BLOCK_CAPTURE_AUTORELEASING = YES;
				CLANG_WARN_BOOL_CONVERSION = YES;
				CLANG_WARN_COMMA = YES;
				CLANG_WARN_CONSTANT_CONVERSION = YES;
				CLANG_WARN_DEPRECATED_OBJC_IMPLEMENTATIONS = YES;
				CLANG_WARN_DIRECT_OBJC_ISA_USAGE = YES_ERROR;
				CLANG_WARN_DOCUMENTATION_COMMENTS = YES;
				CLANG_WARN_EMPTY_BODY = YES;
				CLANG_WARN_ENUM_CONVERSION = YES;
				CLANG_WARN_INFINITE_RECURSION = YES;
				CLANG_WARN_INT_CONVERSION = YES;
				CLANG_WARN_NON_LITERAL_NULL_CONVERSION = YES;
				CLANG_WARN_OBJC_IMPLICIT_RETAIN_SELF = YES;
				CLANG_WARN_OBJC_LITERAL_CONVERSION = YES;
				CLANG_WARN_OBJC_ROOT_CLASS = YES_ERROR;
				CLANG_WARN_QUOTED_INCLUDE_IN_FRAMEWORK_HEADER = YES;
				CLANG_WARN_RANGE_LOOP_ANALYSIS = YES;
				CLANG_WARN_STRICT_PROTOTYPES = YES;
				CLANG_WARN_SUSPICIOUS_MOVE = YES;
				CLANG_WARN_UNGUARDED_AVAILABILITY = YES_AGGRESSIVE;
				CLANG_WARN_UNREACHABLE_CODE = YES;
				CLANG_WARN__DUPLICATE_METHOD_MATCH = YES;
				COPY_PHASE_STRIP = NO;
				DEBUG_INFORMATION_FORMAT = "dwarf-with-dsym";
				ENABLE_NS_ASSERTIONS = NO;
				ENABLE_STRICT_OBJC_MSGSEND = YES;
				GCC_C_LANGUAGE_STANDARD = gnu11;
				GCC_NO_COMMON_BLOCKS = YES;
				GCC_WARN_64_TO_32_BIT_CONVERSION = YES;
				GCC_WARN_ABOUT_RETURN_TYPE = YES_ERROR;
				GCC_WARN_UNDECLARED_SELECTOR = YES;
				GCC_WARN_UNINITIALIZED_AUTOS = YES_AGGRESSIVE;
				GCC_WARN_UNUSED_FUNCTION = YES;
				GCC_WARN_UNUSED_VARIABLE = YES;
				IPHONEOS_DEPLOYMENT_TARGET = 16.4;
				MTL_ENABLE_DEBUG_INFO = NO;
				MTL_FAST_MATH = YES;
				SDKROOT = iphoneos;
				SWIFT_COMPILATION_MODE = wholemodule;
				SWIFT_OPTIMIZATION_LEVEL = "-O";
				VALIDATE_PRODUCT = YES;
			};
			name = Release;
		};
		1C8734F32AB73524009B0C42 /* Debug */ = {
			isa = XCBuildConfiguration;
			buildSettings = {
				ASSETCATALOG_COMPILER_APPICON_NAME = AppIcon;
				ASSETCATALOG_COMPILER_GLOBAL_ACCENT_COLOR_NAME = AccentColor;
				CODE_SIGN_STYLE = Automatic;
				CURRENT_PROJECT_VERSION = 1;
				DEVELOPMENT_ASSET_PATHS = "\"FoodRecipies/Preview Content\"";
				DEVELOPMENT_TEAM = CSFTDS58ZN;
				ENABLE_PREVIEWS = YES;
				GENERATE_INFOPLIST_FILE = YES;
				INFOPLIST_FILE = FoodRecipies/Info.plist;
				INFOPLIST_KEY_UIApplicationSceneManifest_Generation = YES;
				INFOPLIST_KEY_UIApplicationSupportsIndirectInputEvents = YES;
				INFOPLIST_KEY_UILaunchScreen_Generation = YES;
				INFOPLIST_KEY_UISupportedInterfaceOrientations_iPad = "UIInterfaceOrientationPortrait UIInterfaceOrientationPortraitUpsideDown UIInterfaceOrientationLandscapeLeft UIInterfaceOrientationLandscapeRight";
				INFOPLIST_KEY_UISupportedInterfaceOrientations_iPhone = "UIInterfaceOrientationPortrait UIInterfaceOrientationLandscapeLeft UIInterfaceOrientationLandscapeRight";
				LD_RUNPATH_SEARCH_PATHS = (
					"$(inherited)",
					"@executable_path/Frameworks",
				);
				MARKETING_VERSION = 1.0;
				PRODUCT_BUNDLE_IDENTIFIER = jilani.FoodRecipies;
				PRODUCT_NAME = "$(TARGET_NAME)";
				SWIFT_EMIT_LOC_STRINGS = YES;
				SWIFT_VERSION = 5.0;
				TARGETED_DEVICE_FAMILY = "1,2";
			};
			name = Debug;
		};
		1C8734F42AB73524009B0C42 /* Release */ = {
			isa = XCBuildConfiguration;
			buildSettings = {
				ASSETCATALOG_COMPILER_APPICON_NAME = AppIcon;
				ASSETCATALOG_COMPILER_GLOBAL_ACCENT_COLOR_NAME = AccentColor;
				CODE_SIGN_STYLE = Automatic;
				CURRENT_PROJECT_VERSION = 1;
				DEVELOPMENT_ASSET_PATHS = "\"FoodRecipies/Preview Content\"";
				DEVELOPMENT_TEAM = CSFTDS58ZN;
				ENABLE_PREVIEWS = YES;
				GENERATE_INFOPLIST_FILE = YES;
				INFOPLIST_FILE = FoodRecipies/Info.plist;
				INFOPLIST_KEY_UIApplicationSceneManifest_Generation = YES;
				INFOPLIST_KEY_UIApplicationSupportsIndirectInputEvents = YES;
				INFOPLIST_KEY_UILaunchScreen_Generation = YES;
				INFOPLIST_KEY_UISupportedInterfaceOrientations_iPad = "UIInterfaceOrientationPortrait UIInterfaceOrientationPortraitUpsideDown UIInterfaceOrientationLandscapeLeft UIInterfaceOrientationLandscapeRight";
				INFOPLIST_KEY_UISupportedInterfaceOrientations_iPhone = "UIInterfaceOrientationPortrait UIInterfaceOrientationLandscapeLeft UIInterfaceOrientationLandscapeRight";
				LD_RUNPATH_SEARCH_PATHS = (
					"$(inherited)",
					"@executable_path/Frameworks",
				);
				MARKETING_VERSION = 1.0;
				PRODUCT_BUNDLE_IDENTIFIER = jilani.FoodRecipies;
				PRODUCT_NAME = "$(TARGET_NAME)";
				SWIFT_EMIT_LOC_STRINGS = YES;
				SWIFT_VERSION = 5.0;
				TARGETED_DEVICE_FAMILY = "1,2";
			};
			name = Release;
		};
/* End XCBuildConfiguration section */

/* Begin XCConfigurationList section */
		1C8734DF2AB73522009B0C42 /* Build configuration list for PBXProject "FoodRecipies" */ = {
			isa = XCConfigurationList;
			buildConfigurations = (
				1C8734F02AB73524009B0C42 /* Debug */,
				1C8734F12AB73524009B0C42 /* Release */,
			);
			defaultConfigurationIsVisible = 0;
			defaultConfigurationName = Release;
		};
		1C8734F22AB73524009B0C42 /* Build configuration list for PBXNativeTarget "FoodRecipies" */ = {
			isa = XCConfigurationList;
			buildConfigurations = (
				1C8734F32AB73524009B0C42 /* Debug */,
				1C8734F42AB73524009B0C42 /* Release */,
			);
			defaultConfigurationIsVisible = 0;
			defaultConfigurationName = Release;
		};
/* End XCConfigurationList section */
	};
	rootObject = 1C8734DC2AB73522009B0C42 /* Project object */;
}
